// !$*UTF8*$!
{
	archiveVersion = 1;
	classes = {
	};
	objectVersion = 46;
	objects = {

/* Begin PBXBuildFile section */
		2707186C1BB60731000F9EFB /* TPKTweetCell.m in Sources */ = {isa = PBXBuildFile; fileRef = 2707186B1BB60731000F9EFB /* TPKTweetCell.m */; settings = {ASSET_TAGS = (); }; };
		276D4AFB1BB4510B00022D22 /* TPKTwitterService.m in Sources */ = {isa = PBXBuildFile; fileRef = 276D4AFA1BB4510B00022D22 /* TPKTwitterService.m */; };
		276D4AFE1BB457E500022D22 /* TPKTweet.m in Sources */ = {isa = PBXBuildFile; fileRef = 276D4AFD1BB457E500022D22 /* TPKTweet.m */; };
		276D4B011BB48E6100022D22 /* TPKTwitterUser.m in Sources */ = {isa = PBXBuildFile; fileRef = 276D4B001BB48E6100022D22 /* TPKTwitterUser.m */; };
		278EB9951BB1E3B600EE3A65 /* main.m in Sources */ = {isa = PBXBuildFile; fileRef = 278EB9941BB1E3B600EE3A65 /* main.m */; };
		278EB9981BB1E3B600EE3A65 /* TPKAppDelegate.m in Sources */ = {isa = PBXBuildFile; fileRef = 278EB9971BB1E3B600EE3A65 /* TPKAppDelegate.m */; };
		278EB9A01BB1E3B600EE3A65 /* Images.xcassets in Resources */ = {isa = PBXBuildFile; fileRef = 278EB99F1BB1E3B600EE3A65 /* Images.xcassets */; };
		278EB9A31BB1E3B600EE3A65 /* LaunchScreen.xib in Resources */ = {isa = PBXBuildFile; fileRef = 278EB9A11BB1E3B600EE3A65 /* LaunchScreen.xib */; };
		278EB9AF1BB1E3B700EE3A65 /* TweetPeekTests.m in Sources */ = {isa = PBXBuildFile; fileRef = 278EB9AE1BB1E3B700EE3A65 /* TweetPeekTests.m */; };
		278EB9BA1BB1EBCC00EE3A65 /* TPKSearchViewController.m in Sources */ = {isa = PBXBuildFile; fileRef = 278EB9B91BB1EBCC00EE3A65 /* TPKSearchViewController.m */; };
		27A035CC1BB7AD3F00200939 /* TPKTopicsViewController.m in Sources */ = {isa = PBXBuildFile; fileRef = 27A035CB1BB7AD3F00200939 /* TPKTopicsViewController.m */; settings = {ASSET_TAGS = (); }; };
		27F733421BB2055E005A9EC1 /* TPKResultsViewController.m in Sources */ = {isa = PBXBuildFile; fileRef = 27F733411BB2055E005A9EC1 /* TPKResultsViewController.m */; };
		27F733451BB2075A005A9EC1 /* TPKRootViewController.m in Sources */ = {isa = PBXBuildFile; fileRef = 27F733441BB20759005A9EC1 /* TPKRootViewController.m */; };
		27F7334B1BB21756005A9EC1 /* TPKSearchBar.m in Sources */ = {isa = PBXBuildFile; fileRef = 27F7334A1BB21756005A9EC1 /* TPKSearchBar.m */; };
		27F733541BB217FB005A9EC1 /* botao_generico_off.png in Resources */ = {isa = PBXBuildFile; fileRef = 27F7334C1BB217FB005A9EC1 /* botao_generico_off.png */; };
		27F733551BB217FB005A9EC1 /* botao_generico_off@2x.png in Resources */ = {isa = PBXBuildFile; fileRef = 27F7334D1BB217FB005A9EC1 /* botao_generico_off@2x.png */; };
		27F733561BB217FB005A9EC1 /* botao_generico_on.png in Resources */ = {isa = PBXBuildFile; fileRef = 27F7334E1BB217FB005A9EC1 /* botao_generico_on.png */; };
		27F733571BB217FB005A9EC1 /* botao_generico_on@2x.png in Resources */ = {isa = PBXBuildFile; fileRef = 27F7334F1BB217FB005A9EC1 /* botao_generico_on@2x.png */; };
		27F733581BB217FB005A9EC1 /* Icon_search_big.png in Resources */ = {isa = PBXBuildFile; fileRef = 27F733501BB217FB005A9EC1 /* Icon_search_big.png */; };
		27F733591BB217FB005A9EC1 /* Icon_search_big@2x.png in Resources */ = {isa = PBXBuildFile; fileRef = 27F733511BB217FB005A9EC1 /* Icon_search_big@2x.png */; };
		27F7335A1BB217FB005A9EC1 /* Twitter_logo_blue.png in Resources */ = {isa = PBXBuildFile; fileRef = 27F733521BB217FB005A9EC1 /* Twitter_logo_blue.png */; };
		27F7335B1BB217FB005A9EC1 /* Twitter_logo_blue@2x.png in Resources */ = {isa = PBXBuildFile; fileRef = 27F733531BB217FB005A9EC1 /* Twitter_logo_blue@2x.png */; };
		27F7335E1BB21861005A9EC1 /* UIColor+TPK.m in Sources */ = {isa = PBXBuildFile; fileRef = 27F7335D1BB21861005A9EC1 /* UIColor+TPK.m */; };
/* End PBXBuildFile section */

/* Begin PBXContainerItemProxy section */
		278EB9A91BB1E3B700EE3A65 /* PBXContainerItemProxy */ = {
			isa = PBXContainerItemProxy;
			containerPortal = 278EB9871BB1E3B600EE3A65 /* Project object */;
			proxyType = 1;
			remoteGlobalIDString = 278EB98E1BB1E3B600EE3A65;
			remoteInfo = TweetPeek;
		};
/* End PBXContainerItemProxy section */

/* Begin PBXFileReference section */
		2707186A1BB60731000F9EFB /* TPKTweetCell.h */ = {isa = PBXFileReference; fileEncoding = 4; lastKnownFileType = sourcecode.c.h; path = TPKTweetCell.h; sourceTree = "<group>"; };
		2707186B1BB60731000F9EFB /* TPKTweetCell.m */ = {isa = PBXFileReference; fileEncoding = 4; lastKnownFileType = sourcecode.c.objc; path = TPKTweetCell.m; sourceTree = "<group>"; };
		276D4AF91BB4510B00022D22 /* TPKTwitterService.h */ = {isa = PBXFileReference; fileEncoding = 4; lastKnownFileType = sourcecode.c.h; path = TPKTwitterService.h; sourceTree = "<group>"; };
		276D4AFA1BB4510B00022D22 /* TPKTwitterService.m */ = {isa = PBXFileReference; fileEncoding = 4; lastKnownFileType = sourcecode.c.objc; path = TPKTwitterService.m; sourceTree = "<group>"; };
		276D4AFC1BB457E500022D22 /* TPKTweet.h */ = {isa = PBXFileReference; fileEncoding = 4; lastKnownFileType = sourcecode.c.h; path = TPKTweet.h; sourceTree = "<group>"; };
		276D4AFD1BB457E500022D22 /* TPKTweet.m */ = {isa = PBXFileReference; fileEncoding = 4; lastKnownFileType = sourcecode.c.objc; path = TPKTweet.m; sourceTree = "<group>"; };
		276D4AFF1BB48E6100022D22 /* TPKTwitterUser.h */ = {isa = PBXFileReference; fileEncoding = 4; lastKnownFileType = sourcecode.c.h; path = TPKTwitterUser.h; sourceTree = "<group>"; };
		276D4B001BB48E6100022D22 /* TPKTwitterUser.m */ = {isa = PBXFileReference; fileEncoding = 4; lastKnownFileType = sourcecode.c.objc; path = TPKTwitterUser.m; sourceTree = "<group>"; };
		278EB98F1BB1E3B600EE3A65 /* TweetPeek.app */ = {isa = PBXFileReference; explicitFileType = wrapper.application; includeInIndex = 0; path = TweetPeek.app; sourceTree = BUILT_PRODUCTS_DIR; };
		278EB9931BB1E3B600EE3A65 /* Info.plist */ = {isa = PBXFileReference; lastKnownFileType = text.plist.xml; path = Info.plist; sourceTree = "<group>"; };
		278EB9941BB1E3B600EE3A65 /* main.m */ = {isa = PBXFileReference; lastKnownFileType = sourcecode.c.objc; path = main.m; sourceTree = "<group>"; };
		278EB9961BB1E3B600EE3A65 /* TPKAppDelegate.h */ = {isa = PBXFileReference; lastKnownFileType = sourcecode.c.h; path = TPKAppDelegate.h; sourceTree = "<group>"; };
		278EB9971BB1E3B600EE3A65 /* TPKAppDelegate.m */ = {isa = PBXFileReference; lastKnownFileType = sourcecode.c.objc; path = TPKAppDelegate.m; sourceTree = "<group>"; };
		278EB99F1BB1E3B600EE3A65 /* Images.xcassets */ = {isa = PBXFileReference; lastKnownFileType = folder.assetcatalog; path = Images.xcassets; sourceTree = "<group>"; };
		278EB9A21BB1E3B600EE3A65 /* Base */ = {isa = PBXFileReference; lastKnownFileType = file.xib; name = Base; path = Base.lproj/LaunchScreen.xib; sourceTree = "<group>"; };
		278EB9A81BB1E3B700EE3A65 /* TweetPeekTests.xctest */ = {isa = PBXFileReference; explicitFileType = wrapper.cfbundle; includeInIndex = 0; path = TweetPeekTests.xctest; sourceTree = BUILT_PRODUCTS_DIR; };
		278EB9AD1BB1E3B700EE3A65 /* Info.plist */ = {isa = PBXFileReference; lastKnownFileType = text.plist.xml; path = Info.plist; sourceTree = "<group>"; };
		278EB9AE1BB1E3B700EE3A65 /* TweetPeekTests.m */ = {isa = PBXFileReference; lastKnownFileType = sourcecode.c.objc; path = TweetPeekTests.m; sourceTree = "<group>"; };
		278EB9B81BB1EBCC00EE3A65 /* TPKSearchViewController.h */ = {isa = PBXFileReference; fileEncoding = 4; lastKnownFileType = sourcecode.c.h; path = TPKSearchViewController.h; sourceTree = "<group>"; };
		278EB9B91BB1EBCC00EE3A65 /* TPKSearchViewController.m */ = {isa = PBXFileReference; fileEncoding = 4; lastKnownFileType = sourcecode.c.objc; path = TPKSearchViewController.m; sourceTree = "<group>"; };
		27A035CA1BB7AD3F00200939 /* TPKTopicsViewController.h */ = {isa = PBXFileReference; fileEncoding = 4; lastKnownFileType = sourcecode.c.h; path = TPKTopicsViewController.h; sourceTree = "<group>"; };
		27A035CB1BB7AD3F00200939 /* TPKTopicsViewController.m */ = {isa = PBXFileReference; fileEncoding = 4; lastKnownFileType = sourcecode.c.objc; path = TPKTopicsViewController.m; sourceTree = "<group>"; };
		27F733401BB2055E005A9EC1 /* TPKResultsViewController.h */ = {isa = PBXFileReference; fileEncoding = 4; lastKnownFileType = sourcecode.c.h; path = TPKResultsViewController.h; sourceTree = "<group>"; };
		27F733411BB2055E005A9EC1 /* TPKResultsViewController.m */ = {isa = PBXFileReference; fileEncoding = 4; lastKnownFileType = sourcecode.c.objc; path = TPKResultsViewController.m; sourceTree = "<group>"; };
		27F733431BB20759005A9EC1 /* TPKRootViewController.h */ = {isa = PBXFileReference; fileEncoding = 4; lastKnownFileType = sourcecode.c.h; path = TPKRootViewController.h; sourceTree = "<group>"; };
		27F733441BB20759005A9EC1 /* TPKRootViewController.m */ = {isa = PBXFileReference; fileEncoding = 4; lastKnownFileType = sourcecode.c.objc; path = TPKRootViewController.m; sourceTree = "<group>"; };
		27F733491BB21756005A9EC1 /* TPKSearchBar.h */ = {isa = PBXFileReference; fileEncoding = 4; lastKnownFileType = sourcecode.c.h; path = TPKSearchBar.h; sourceTree = "<group>"; };
		27F7334A1BB21756005A9EC1 /* TPKSearchBar.m */ = {isa = PBXFileReference; fileEncoding = 4; lastKnownFileType = sourcecode.c.objc; path = TPKSearchBar.m; sourceTree = "<group>"; };
		27F7334C1BB217FB005A9EC1 /* botao_generico_off.png */ = {isa = PBXFileReference; lastKnownFileType = image.png; path = botao_generico_off.png; sourceTree = "<group>"; };
		27F7334D1BB217FB005A9EC1 /* botao_generico_off@2x.png */ = {isa = PBXFileReference; lastKnownFileType = image.png; path = "botao_generico_off@2x.png"; sourceTree = "<group>"; };
		27F7334E1BB217FB005A9EC1 /* botao_generico_on.png */ = {isa = PBXFileReference; lastKnownFileType = image.png; path = botao_generico_on.png; sourceTree = "<group>"; };
		27F7334F1BB217FB005A9EC1 /* botao_generico_on@2x.png */ = {isa = PBXFileReference; lastKnownFileType = image.png; path = "botao_generico_on@2x.png"; sourceTree = "<group>"; };
		27F733501BB217FB005A9EC1 /* Icon_search_big.png */ = {isa = PBXFileReference; lastKnownFileType = image.png; path = Icon_search_big.png; sourceTree = "<group>"; };
		27F733511BB217FB005A9EC1 /* Icon_search_big@2x.png */ = {isa = PBXFileReference; lastKnownFileType = image.png; path = "Icon_search_big@2x.png"; sourceTree = "<group>"; };
		27F733521BB217FB005A9EC1 /* Twitter_logo_blue.png */ = {isa = PBXFileReference; lastKnownFileType = image.png; path = Twitter_logo_blue.png; sourceTree = "<group>"; };
		27F733531BB217FB005A9EC1 /* Twitter_logo_blue@2x.png */ = {isa = PBXFileReference; lastKnownFileType = image.png; path = "Twitter_logo_blue@2x.png"; sourceTree = "<group>"; };
		27F7335C1BB21861005A9EC1 /* UIColor+TPK.h */ = {isa = PBXFileReference; fileEncoding = 4; lastKnownFileType = sourcecode.c.h; path = "UIColor+TPK.h"; sourceTree = "<group>"; };
		27F7335D1BB21861005A9EC1 /* UIColor+TPK.m */ = {isa = PBXFileReference; fileEncoding = 4; lastKnownFileType = sourcecode.c.objc; path = "UIColor+TPK.m"; sourceTree = "<group>"; };
/* End PBXFileReference section */

/* Begin PBXFrameworksBuildPhase section */
		278EB98C1BB1E3B600EE3A65 /* Frameworks */ = {
			isa = PBXFrameworksBuildPhase;
			buildActionMask = 2147483647;
			files = (
			);
			runOnlyForDeploymentPostprocessing = 0;
		};
		278EB9A51BB1E3B700EE3A65 /* Frameworks */ = {
			isa = PBXFrameworksBuildPhase;
			buildActionMask = 2147483647;
			files = (
			);
			runOnlyForDeploymentPostprocessing = 0;
		};
/* End PBXFrameworksBuildPhase section */

/* Begin PBXGroup section */
		278EB9861BB1E3B600EE3A65 = {
			isa = PBXGroup;
			children = (
				278EB9911BB1E3B600EE3A65 /* TweetPeek */,
				278EB9AB1BB1E3B700EE3A65 /* TweetPeekTests */,
				278EB9901BB1E3B600EE3A65 /* Products */,
			);
			sourceTree = "<group>";
		};
		278EB9901BB1E3B600EE3A65 /* Products */ = {
			isa = PBXGroup;
			children = (
				278EB98F1BB1E3B600EE3A65 /* TweetPeek.app */,
				278EB9A81BB1E3B700EE3A65 /* TweetPeekTests.xctest */,
			);
			name = Products;
			sourceTree = "<group>";
		};
		278EB9911BB1E3B600EE3A65 /* TweetPeek */ = {
			isa = PBXGroup;
			children = (
				278EB9961BB1E3B600EE3A65 /* TPKAppDelegate.h */,
				278EB9971BB1E3B600EE3A65 /* TPKAppDelegate.m */,
				27A035C91BB70D6800200939 /* Categories */,
				27A035C51BB70D3200200939 /* Model */,
				27A035C81BB70D5C00200939 /* Services */,
				27A035C61BB70D3E00200939 /* View */,
				27A035C71BB70D4A00200939 /* View Controller */,
				278EB9A11BB1E3B600EE3A65 /* LaunchScreen.xib */,
				278EB99F1BB1E3B600EE3A65 /* Images.xcassets */,
				278EB9921BB1E3B600EE3A65 /* Supporting Files */,
			);
			path = TweetPeek;
			sourceTree = "<group>";
		};
		278EB9921BB1E3B600EE3A65 /* Supporting Files */ = {
			isa = PBXGroup;
			children = (
				27F7334C1BB217FB005A9EC1 /* botao_generico_off.png */,
				27F7334D1BB217FB005A9EC1 /* botao_generico_off@2x.png */,
				27F7334E1BB217FB005A9EC1 /* botao_generico_on.png */,
				27F7334F1BB217FB005A9EC1 /* botao_generico_on@2x.png */,
				27F733501BB217FB005A9EC1 /* Icon_search_big.png */,
				27F733511BB217FB005A9EC1 /* Icon_search_big@2x.png */,
				27F733521BB217FB005A9EC1 /* Twitter_logo_blue.png */,
				27F733531BB217FB005A9EC1 /* Twitter_logo_blue@2x.png */,
				278EB9931BB1E3B600EE3A65 /* Info.plist */,
				278EB9941BB1E3B600EE3A65 /* main.m */,
			);
			name = "Supporting Files";
			sourceTree = "<group>";
		};
		278EB9AB1BB1E3B700EE3A65 /* TweetPeekTests */ = {
			isa = PBXGroup;
			children = (
				278EB9AE1BB1E3B700EE3A65 /* TweetPeekTests.m */,
				278EB9AC1BB1E3B700EE3A65 /* Supporting Files */,
			);
			path = TweetPeekTests;
			sourceTree = "<group>";
		};
		278EB9AC1BB1E3B700EE3A65 /* Supporting Files */ = {
			isa = PBXGroup;
			children = (
				278EB9AD1BB1E3B700EE3A65 /* Info.plist */,
			);
			name = "Supporting Files";
			sourceTree = "<group>";
		};
		27A035C51BB70D3200200939 /* Model */ = {
			isa = PBXGroup;
			children = (
				276D4AFC1BB457E500022D22 /* TPKTweet.h */,
				276D4AFD1BB457E500022D22 /* TPKTweet.m */,
				276D4AFF1BB48E6100022D22 /* TPKTwitterUser.h */,
				276D4B001BB48E6100022D22 /* TPKTwitterUser.m */,
			);
			name = Model;
			sourceTree = "<group>";
		};
		27A035C61BB70D3E00200939 /* View */ = {
			isa = PBXGroup;
			children = (
				2707186A1BB60731000F9EFB /* TPKTweetCell.h */,
				2707186B1BB60731000F9EFB /* TPKTweetCell.m */,
				27F733491BB21756005A9EC1 /* TPKSearchBar.h */,
				27F7334A1BB21756005A9EC1 /* TPKSearchBar.m */,
			);
			name = View;
			sourceTree = "<group>";
		};
		27A035C71BB70D4A00200939 /* View Controller */ = {
			isa = PBXGroup;
			children = (
				27F733431BB20759005A9EC1 /* TPKRootViewController.h */,
				27F733441BB20759005A9EC1 /* TPKRootViewController.m */,
				278EB9B81BB1EBCC00EE3A65 /* TPKSearchViewController.h */,
				278EB9B91BB1EBCC00EE3A65 /* TPKSearchViewController.m */,
				27F733401BB2055E005A9EC1 /* TPKResultsViewController.h */,
				27F733411BB2055E005A9EC1 /* TPKResultsViewController.m */,
				27A035CA1BB7AD3F00200939 /* TPKTopicsViewController.h */,
				27A035CB1BB7AD3F00200939 /* TPKTopicsViewController.m */,
			);
			name = "View Controller";
			sourceTree = "<group>";
		};
		27A035C81BB70D5C00200939 /* Services */ = {
			isa = PBXGroup;
			children = (
				276D4AF91BB4510B00022D22 /* TPKTwitterService.h */,
				276D4AFA1BB4510B00022D22 /* TPKTwitterService.m */,
			);
			name = Services;
			sourceTree = "<group>";
		};
		27A035C91BB70D6800200939 /* Categories */ = {
			isa = PBXGroup;
			children = (
				27F7335C1BB21861005A9EC1 /* UIColor+TPK.h */,
				27F7335D1BB21861005A9EC1 /* UIColor+TPK.m */,
			);
			name = Categories;
			sourceTree = "<group>";
		};
/* End PBXGroup section */

/* Begin PBXNativeTarget section */
		278EB98E1BB1E3B600EE3A65 /* TweetPeek */ = {
			isa = PBXNativeTarget;
			buildConfigurationList = 278EB9B21BB1E3B700EE3A65 /* Build configuration list for PBXNativeTarget "TweetPeek" */;
			buildPhases = (
				278EB98B1BB1E3B600EE3A65 /* Sources */,
				278EB98C1BB1E3B600EE3A65 /* Frameworks */,
				278EB98D1BB1E3B600EE3A65 /* Resources */,
			);
			buildRules = (
			);
			dependencies = (
			);
			name = TweetPeek;
			productName = TweetPeek;
			productReference = 278EB98F1BB1E3B600EE3A65 /* TweetPeek.app */;
			productType = "com.apple.product-type.application";
		};
		278EB9A71BB1E3B700EE3A65 /* TweetPeekTests */ = {
			isa = PBXNativeTarget;
			buildConfigurationList = 278EB9B51BB1E3B700EE3A65 /* Build configuration list for PBXNativeTarget "TweetPeekTests" */;
			buildPhases = (
				278EB9A41BB1E3B700EE3A65 /* Sources */,
				278EB9A51BB1E3B700EE3A65 /* Frameworks */,
				278EB9A61BB1E3B700EE3A65 /* Resources */,
			);
			buildRules = (
			);
			dependencies = (
				278EB9AA1BB1E3B700EE3A65 /* PBXTargetDependency */,
			);
			name = TweetPeekTests;
			productName = TweetPeekTests;
			productReference = 278EB9A81BB1E3B700EE3A65 /* TweetPeekTests.xctest */;
			productType = "com.apple.product-type.bundle.unit-test";
		};
/* End PBXNativeTarget section */

/* Begin PBXProject section */
		278EB9871BB1E3B600EE3A65 /* Project object */ = {
			isa = PBXProject;
			attributes = {
				LastUpgradeCheck = 0630;
				ORGANIZATIONNAME = "Felipe Lobo";
				TargetAttributes = {
					278EB98E1BB1E3B600EE3A65 = {
						CreatedOnToolsVersion = 6.3.1;
						DevelopmentTeam = F867JNH6QS;
					};
					278EB9A71BB1E3B700EE3A65 = {
						CreatedOnToolsVersion = 6.3.1;
						TestTargetID = 278EB98E1BB1E3B600EE3A65;
					};
				};
			};
			buildConfigurationList = 278EB98A1BB1E3B600EE3A65 /* Build configuration list for PBXProject "TweetPeek" */;
			compatibilityVersion = "Xcode 3.2";
			developmentRegion = English;
			hasScannedForEncodings = 0;
			knownRegions = (
				en,
				Base,
			);
			mainGroup = 278EB9861BB1E3B600EE3A65;
			productRefGroup = 278EB9901BB1E3B600EE3A65 /* Products */;
			projectDirPath = "";
			projectRoot = "";
			targets = (
				278EB98E1BB1E3B600EE3A65 /* TweetPeek */,
				278EB9A71BB1E3B700EE3A65 /* TweetPeekTests */,
			);
		};
/* End PBXProject section */

/* Begin PBXResourcesBuildPhase section */
		278EB98D1BB1E3B600EE3A65 /* Resources */ = {
			isa = PBXResourcesBuildPhase;
			buildActionMask = 2147483647;
			files = (
				27F733551BB217FB005A9EC1 /* botao_generico_off@2x.png in Resources */,
				278EB9A31BB1E3B600EE3A65 /* LaunchScreen.xib in Resources */,
				27F733591BB217FB005A9EC1 /* Icon_search_big@2x.png in Resources */,
				27F733561BB217FB005A9EC1 /* botao_generico_on.png in Resources */,
				27F733581BB217FB005A9EC1 /* Icon_search_big.png in Resources */,
				27F733541BB217FB005A9EC1 /* botao_generico_off.png in Resources */,
				278EB9A01BB1E3B600EE3A65 /* Images.xcassets in Resources */,
				27F7335B1BB217FB005A9EC1 /* Twitter_logo_blue@2x.png in Resources */,
				27F733571BB217FB005A9EC1 /* botao_generico_on@2x.png in Resources */,
				27F7335A1BB217FB005A9EC1 /* Twitter_logo_blue.png in Resources */,
			);
			runOnlyForDeploymentPostprocessing = 0;
		};
		278EB9A61BB1E3B700EE3A65 /* Resources */ = {
			isa = PBXResourcesBuildPhase;
			buildActionMask = 2147483647;
			files = (
			);
			runOnlyForDeploymentPostprocessing = 0;
		};
/* End PBXResourcesBuildPhase section */

/* Begin PBXSourcesBuildPhase section */
		278EB98B1BB1E3B600EE3A65 /* Sources */ = {
			isa = PBXSourcesBuildPhase;
			buildActionMask = 2147483647;
			files = (
				278EB9BA1BB1EBCC00EE3A65 /* TPKSearchViewController.m in Sources */,
				276D4AFB1BB4510B00022D22 /* TPKTwitterService.m in Sources */,
				2707186C1BB60731000F9EFB /* TPKTweetCell.m in Sources */,
				27F733421BB2055E005A9EC1 /* TPKResultsViewController.m in Sources */,
				27A035CC1BB7AD3F00200939 /* TPKTopicsViewController.m in Sources */,
				278EB9981BB1E3B600EE3A65 /* TPKAppDelegate.m in Sources */,
				278EB9951BB1E3B600EE3A65 /* main.m in Sources */,
				27F733451BB2075A005A9EC1 /* TPKRootViewController.m in Sources */,
				276D4B011BB48E6100022D22 /* TPKTwitterUser.m in Sources */,
				27F7334B1BB21756005A9EC1 /* TPKSearchBar.m in Sources */,
				27F7335E1BB21861005A9EC1 /* UIColor+TPK.m in Sources */,
				276D4AFE1BB457E500022D22 /* TPKTweet.m in Sources */,
			);
			runOnlyForDeploymentPostprocessing = 0;
		};
		278EB9A41BB1E3B700EE3A65 /* Sources */ = {
			isa = PBXSourcesBuildPhase;
			buildActionMask = 2147483647;
			files = (
				278EB9AF1BB1E3B700EE3A65 /* TweetPeekTests.m in Sources */,
			);
			runOnlyForDeploymentPostprocessing = 0;
		};
/* End PBXSourcesBuildPhase section */

/* Begin PBXTargetDependency section */
		278EB9AA1BB1E3B700EE3A65 /* PBXTargetDependency */ = {
			isa = PBXTargetDependency;
			target = 278EB98E1BB1E3B600EE3A65 /* TweetPeek */;
			targetProxy = 278EB9A91BB1E3B700EE3A65 /* PBXContainerItemProxy */;
		};
/* End PBXTargetDependency section */

/* Begin PBXVariantGroup section */
		278EB9A11BB1E3B600EE3A65 /* LaunchScreen.xib */ = {
			isa = PBXVariantGroup;
			children = (
				278EB9A21BB1E3B600EE3A65 /* Base */,
			);
			name = LaunchScreen.xib;
			sourceTree = "<group>";
		};
/* End PBXVariantGroup section */

/* Begin XCBuildConfiguration section */
		278EB9B01BB1E3B700EE3A65 /* Debug */ = {
			isa = XCBuildConfiguration;
			buildSettings = {
				ALWAYS_SEARCH_USER_PATHS = NO;
				CLANG_CXX_LANGUAGE_STANDARD = "gnu++0x";
				CLANG_CXX_LIBRARY = "libc++";
				CLANG_ENABLE_MODULES = YES;
				CLANG_ENABLE_OBJC_ARC = YES;
				CLANG_WARN_BOOL_CONVERSION = YES;
				CLANG_WARN_CONSTANT_CONVERSION = YES;
				CLANG_WARN_DIRECT_OBJC_ISA_USAGE = YES_ERROR;
				CLANG_WARN_EMPTY_BODY = YES;
				CLANG_WARN_ENUM_CONVERSION = YES;
				CLANG_WARN_INT_CONVERSION = YES;
				CLANG_WARN_OBJC_ROOT_CLASS = YES_ERROR;
				CLANG_WARN_UNREACHABLE_CODE = YES;
				CLANG_WARN__DUPLICATE_METHOD_MATCH = YES;
				CODE_SIGN_IDENTITY = "iPhone Developer";
				"CODE_SIGN_IDENTITY[sdk=iphoneos*]" = "iPhone Developer";
				COPY_PHASE_STRIP = NO;
				DEBUG_INFORMATION_FORMAT = "dwarf-with-dsym";
				ENABLE_STRICT_OBJC_MSGSEND = YES;
				GCC_C_LANGUAGE_STANDARD = gnu99;
				GCC_DYNAMIC_NO_PIC = NO;
				GCC_NO_COMMON_BLOCKS = YES;
				GCC_OPTIMIZATION_LEVEL = 0;
				GCC_PREPROCESSOR_DEFINITIONS = (
					"DEBUG=1",
					"$(inherited)",
				);
				GCC_SYMBOLS_PRIVATE_EXTERN = NO;
				GCC_WARN_64_TO_32_BIT_CONVERSION = YES;
				GCC_WARN_ABOUT_RETURN_TYPE = YES_ERROR;
				GCC_WARN_UNDECLARED_SELECTOR = YES;
				GCC_WARN_UNINITIALIZED_AUTOS = YES_AGGRESSIVE;
				GCC_WARN_UNUSED_FUNCTION = YES;
				GCC_WARN_UNUSED_VARIABLE = YES;
				IPHONEOS_DEPLOYMENT_TARGET = 8.3;
				MTL_ENABLE_DEBUG_INFO = YES;
				ONLY_ACTIVE_ARCH = YES;
				SDKROOT = iphoneos;
				TARGETED_DEVICE_FAMILY = "1,2";
			};
			name = Debug;
		};
		278EB9B11BB1E3B700EE3A65 /* Release */ = {
			isa = XCBuildConfiguration;
			buildSettings = {
				ALWAYS_SEARCH_USER_PATHS = NO;
				CLANG_CXX_LANGUAGE_STANDARD = "gnu++0x";
				CLANG_CXX_LIBRARY = "libc++";
				CLANG_ENABLE_MODULES = YES;
				CLANG_ENABLE_OBJC_ARC = YES;
				CLANG_WARN_BOOL_CONVERSION = YES;
				CLANG_WARN_CONSTANT_CONVERSION = YES;
				CLANG_WARN_DIRECT_OBJC_ISA_USAGE = YES_ERROR;
				CLANG_WARN_EMPTY_BODY = YES;
				CLANG_WARN_ENUM_CONVERSION = YES;
				CLANG_WARN_INT_CONVERSION = YES;
				CLANG_WARN_OBJC_ROOT_CLASS = YES_ERROR;
				CLANG_WARN_UNREACHABLE_CODE = YES;
				CLANG_WARN__DUPLICATE_METHOD_MATCH = YES;
				CODE_SIGN_IDENTITY = "iPhone Developer";
				"CODE_SIGN_IDENTITY[sdk=iphoneos*]" = "iPhone Developer";
				COPY_PHASE_STRIP = NO;
				DEBUG_INFORMATION_FORMAT = "dwarf-with-dsym";
				ENABLE_NS_ASSERTIONS = NO;
				ENABLE_STRICT_OBJC_MSGSEND = YES;
				GCC_C_LANGUAGE_STANDARD = gnu99;
				GCC_NO_COMMON_BLOCKS = YES;
				GCC_WARN_64_TO_32_BIT_CONVERSION = YES;
				GCC_WARN_ABOUT_RETURN_TYPE = YES_ERROR;
				GCC_WARN_UNDECLARED_SELECTOR = YES;
				GCC_WARN_UNINITIALIZED_AUTOS = YES_AGGRESSIVE;
				GCC_WARN_UNUSED_FUNCTION = YES;
				GCC_WARN_UNUSED_VARIABLE = YES;
				IPHONEOS_DEPLOYMENT_TARGET = 8.3;
				MTL_ENABLE_DEBUG_INFO = NO;
				SDKROOT = iphoneos;
				TARGETED_DEVICE_FAMILY = "1,2";
				VALIDATE_PRODUCT = YES;
			};
			name = Release;
		};
		278EB9B31BB1E3B700EE3A65 /* Debug */ = {
			isa = XCBuildConfiguration;
			buildSettings = {
				ASSETCATALOG_COMPILER_APPICON_NAME = AppIcon;
				CODE_SIGN_IDENTITY = "iPhone Developer";
				"CODE_SIGN_IDENTITY[sdk=iphoneos*]" = "iPhone Developer";
				INFOPLIST_FILE = TweetPeek/Info.plist;
				IPHONEOS_DEPLOYMENT_TARGET = 8.0;
				LD_RUNPATH_SEARCH_PATHS = "$(inherited) @executable_path/Frameworks";
				PRODUCT_BUNDLE_IDENTIFIER = com.flipstudio.TweetPeek;
				PRODUCT_NAME = "$(TARGET_NAME)";
				PROVISIONING_PROFILE = "";
				TARGETED_DEVICE_FAMILY = "1,2";
			};
			name = Debug;
		};
		278EB9B41BB1E3B700EE3A65 /* Release */ = {
			isa = XCBuildConfiguration;
			buildSettings = {
				ASSETCATALOG_COMPILER_APPICON_NAME = AppIcon;
				CODE_SIGN_IDENTITY = "iPhone Developer";
				"CODE_SIGN_IDENTITY[sdk=iphoneos*]" = "iPhone Developer";
				INFOPLIST_FILE = TweetPeek/Info.plist;
				IPHONEOS_DEPLOYMENT_TARGET = 8.0;
				LD_RUNPATH_SEARCH_PATHS = "$(inherited) @executable_path/Frameworks";
				PRODUCT_BUNDLE_IDENTIFIER = com.flipstudio.TweetPeek;
				PRODUCT_NAME = "$(TARGET_NAME)";
				PROVISIONING_PROFILE = "";
				TARGETED_DEVICE_FAMILY = "1,2";
			};
			name = Release;
		};
		278EB9B61BB1E3B700EE3A65 /* Debug */ = {
			isa = XCBuildConfiguration;
			buildSettings = {
				BUNDLE_LOADER = "$(TEST_HOST)";
				FRAMEWORK_SEARCH_PATHS = (
					"$(SDKROOT)/Developer/Library/Frameworks",
					"$(inherited)",
				);
				GCC_PREPROCESSOR_DEFINITIONS = (
					"DEBUG=1",
					"$(inherited)",
				);
				INFOPLIST_FILE = TweetPeekTests/Info.plist;
				LD_RUNPATH_SEARCH_PATHS = "$(inherited) @executable_path/Frameworks @loader_path/Frameworks";
				PRODUCT_NAME = "$(TARGET_NAME)";
				TEST_HOST = "$(BUILT_PRODUCTS_DIR)/TweetPeek.app/TweetPeek";
			};
			name = Debug;
		};
		278EB9B71BB1E3B700EE3A65 /* Release */ = {
			isa = XCBuildConfiguration;
			buildSettings = {
				BUNDLE_LOADER = "$(TEST_HOST)";
				FRAMEWORK_SEARCH_PATHS = (
					"$(SDKROOT)/Developer/Library/Frameworks",
					"$(inherited)",
				);
				INFOPLIST_FILE = TweetPeekTests/Info.plist;
				LD_RUNPATH_SEARCH_PATHS = "$(inherited) @executable_path/Frameworks @loader_path/Frameworks";
				PRODUCT_NAME = "$(TARGET_NAME)";
				TEST_HOST = "$(BUILT_PRODUCTS_DIR)/TweetPeek.app/TweetPeek";
			};
			name = Release;
		};
/* End XCBuildConfiguration section */

/* Begin XCConfigurationList section */
		278EB98A1BB1E3B600EE3A65 /* Build configuration list for PBXProject "TweetPeek" */ = {
			isa = XCConfigurationList;
			buildConfigurations = (
				278EB9B01BB1E3B700EE3A65 /* Debug */,
				278EB9B11BB1E3B700EE3A65 /* Release */,
			);
			defaultConfigurationIsVisible = 0;
			defaultConfigurationName = Release;
		};
		278EB9B21BB1E3B700EE3A65 /* Build configuration list for PBXNativeTarget "TweetPeek" */ = {
			isa = XCConfigurationList;
			buildConfigurations = (
				278EB9B31BB1E3B700EE3A65 /* Debug */,
				278EB9B41BB1E3B700EE3A65 /* Release */,
			);
			defaultConfigurationIsVisible = 0;
			defaultConfigurationName = Release;
		};
		278EB9B51BB1E3B700EE3A65 /* Build configuration list for PBXNativeTarget "TweetPeekTests" */ = {
			isa = XCConfigurationList;
			buildConfigurations = (
				278EB9B61BB1E3B700EE3A65 /* Debug */,
				278EB9B71BB1E3B700EE3A65 /* Release */,
			);
			defaultConfigurationIsVisible = 0;
			defaultConfigurationName = Release;
		};
/* End XCConfigurationList section */
	};
	rootObject = 278EB9871BB1E3B600EE3A65 /* Project object */;
}
